
Microsoft Visual Studio Solution File, Format Version 12.00
# Visual Studio Version 17
VisualStudioVersion = 17.10.35027.167
MinimumVisualStudioVersion = 10.0.40219.1
Project("{FAE04EC0-301F-11D3-BF4B-00C04F79EFBC}") = "DesktopAutomation", "DesktopAutomation.csproj", "{130E29F9-C6E6-4250-997D-D6CE594D4B7E}"
EndProject
Global
	GlobalSection(SolutionConfigurationPlatforms) = preSolution
		Debug|Any CPU = Debug|Any CPU
		Release|Any CPU = Release|Any CPU
	EndGlobalSection
	GlobalSection(ProjectConfigurationPlatforms) = postSolution
		{130E29F9-C6E6-4250-997D-D6CE594D4B7E}.Debug|Any CPU.ActiveCfg = Debug|Any CPU
		{130E29F9-C6E6-4250-997D-D6CE594D4B7E}.Debug|Any CPU.Build.0 = Debug|Any CPU
		{130E29F9-C6E6-4250-997D-D6CE594D4B7E}.Release|Any CPU.ActiveCfg = Release|Any CPU
		{130E29F9-C6E6-4250-997D-D6CE594D4B7E}.Release|Any CPU.Build.0 = Release|Any CPU
	EndGlobalSection
	GlobalSection(SolutionProperties) = preSolution
		HideSolutionNode = FALSE
	EndGlobalSection
	GlobalSection(ExtensibilityGlobals) = postSolution
		SolutionGuid = {0010C38D-B635-494C-AEA6-2C8B0CFDBBB1}
	EndGlobalSection
EndGlobal
